
Microsoft Visual Studio Solution File, Format Version 12.00
# Visual Studio Version 17
VisualStudioVersion = 17.5.33424.131
MinimumVisualStudioVersion = 10.0.40219.1
Project("{FAE04EC0-301F-11D3-BF4B-00C04F79EFBC}") = "Ecommerce App BE", "Ecommerce App BE.csproj", "{650BCCE2-BA6F-46EA-B0F5-A01E634B5C41}"
EndProject
Global
	GlobalSection(SolutionConfigurationPlatforms) = preSolution
		Debug|Any CPU = Debug|Any CPU
		Release|Any CPU = Release|Any CPU
	EndGlobalSection
	GlobalSection(ProjectConfigurationPlatforms) = postSolution
		{650BCCE2-BA6F-46EA-B0F5-A01E634B5C41}.Debug|Any CPU.ActiveCfg = Debug|Any CPU
		{650BCCE2-BA6F-46EA-B0F5-A01E634B5C41}.Debug|Any CPU.Build.0 = Debug|Any CPU
		{650BCCE2-BA6F-46EA-B0F5-A01E634B5C41}.Release|Any CPU.ActiveCfg = Release|Any CPU
		{650BCCE2-BA6F-46EA-B0F5-A01E634B5C41}.Release|Any CPU.Build.0 = Release|Any CPU
	EndGlobalSection
	GlobalSection(SolutionProperties) = preSolution
		HideSolutionNode = FALSE
	EndGlobalSection
	GlobalSection(ExtensibilityGlobals) = postSolution
		SolutionGuid = {A5E2FAE0-A7D9-4FC6-BE3A-E1E5438C46E6}
	EndGlobalSection
EndGlobal
